
Microsoft Visual Studio Solution File, Format Version 12.00
# Visual Studio Version 17
VisualStudioVersion = 17.4.33110.190
MinimumVisualStudioVersion = 10.0.40219.1
Project("{FAE04EC0-301F-11D3-BF4B-00C04F79EFBC}") = "Minimum Time to Collect All Apples in a Tree", "Minimum Time to Collect All Apples in a Tree\Minimum Time to Collect All Apples in a Tree.csproj", "{01349C42-B39E-4C3D-A0EE-3905CBD7A646}"
EndProject
Global
	GlobalSection(SolutionConfigurationPlatforms) = preSolution
		Debug|Any CPU = Debug|Any CPU
		Release|Any CPU = Release|Any CPU
	EndGlobalSection
	GlobalSection(ProjectConfigurationPlatforms) = postSolution
		{01349C42-B39E-4C3D-A0EE-3905CBD7A646}.Debug|Any CPU.ActiveCfg = Debug|Any CPU
		{01349C42-B39E-4C3D-A0EE-3905CBD7A646}.Debug|Any CPU.Build.0 = Debug|Any CPU
		{01349C42-B39E-4C3D-A0EE-3905CBD7A646}.Release|Any CPU.ActiveCfg = Release|Any CPU
		{01349C42-B39E-4C3D-A0EE-3905CBD7A646}.Release|Any CPU.Build.0 = Release|Any CPU
	EndGlobalSection
	GlobalSection(SolutionProperties) = preSolution
		HideSolutionNode = FALSE
	EndGlobalSection
	GlobalSection(ExtensibilityGlobals) = postSolution
		SolutionGuid = {4B363079-793D-40C1-8AB3-A9F88A5E25B2}
	EndGlobalSection
EndGlobal
